<?xml version="1.0" encoding="utf-8"?>
<Project ToolsVersion="4.0" xmlns="http://schemas.microsoft.com/developer/msbuild/2003">
  <ItemGroup>
    <Filter Include="Source Files">
      <UniqueIdentifier>{4FC737F1-C7A5-4376-A066-2A32D752A2FF}</UniqueIdentifier>
      <Extensions>cpp;cxx;c;def</Extensions>
    </Filter>
    <Filter Include="Header Files">
      <UniqueIdentifier>{93995380-89BD-4b04-88EB-625FBE52EBFB}</UniqueIdentifier>
      <Extensions>h</Extensions>
    </Filter>
    <Filter Include="Form Files">
      <UniqueIdentifier>{99349809-55BA-4b9d-BF79-8FDBB0286EB3}</UniqueIdentifier>
      <Extensions>ui</Extensions>
    </Filter>
    <Filter Include="Resource Files">
      <UniqueIdentifier>{D9D6E242-F8AF-46E4-B9FD-80ECBC20BA3E}</UniqueIdentifier>
      <Extensions>qrc;*</Extensions>
      <ParseFiles>false</ParseFiles>
    </Filter>
    <Filter Include="Generated Files">
      <UniqueIdentifier>{71ED8ED8-ACB9-4CE9-BBE1-E00B30144E11}</UniqueIdentifier>
      <Extensions>moc;h;cpp</Extensions>
      <SourceControlFiles>False</SourceControlFiles>
    </Filter>
    <Filter Include="Generated Files\Debug">
      <UniqueIdentifier>{576136dc-fed0-43b1-9a4b-eed474ab606d}</UniqueIdentifier>
      <Extensions>cpp;moc</Extensions>
      <SourceControlFiles>False</SourceControlFiles>
    </Filter>
    <Filter Include="Generated Files\Release">
      <UniqueIdentifier>{5f782584-ea76-4e47-af2e-6cd6a5b9a0c6}</UniqueIdentifier>
      <Extensions>cpp;moc</Extensions>
      <SourceControlFiles>False</SourceControlFiles>
    </Filter>
    <Filter Include="Source Files\spi">
      <UniqueIdentifier>{bec5e5b7-b717-4e59-bf34-5ec4328af9d9}</UniqueIdentifier>
    </Filter>
    <Filter Include="Source Files\varia">
      <UniqueIdentifier>{7288f7f7-cb5e-4a29-b84a-991efdad2f1d}</UniqueIdentifier>
    </Filter>
    <Filter Include="Source Files\helpers">
      <UniqueIdentifier>{796f3fe1-86bd-48be-a88f-541d374a22f3}</UniqueIdentifier>
    </Filter>
  </ItemGroup>
  <ItemGroup>
    <CustomBuild Include="src\log4qt\appender.h">
      <Filter>Source Files</Filter>
    </CustomBuild>
    <CustomBuild Include="src\log4qt\appenderskeleton.h">
      <Filter>Source Files</Filter>
    </CustomBuild>
    <CustomBuild Include="src\log4qt\consoleappender.h">
      <Filter>Source Files</Filter>
    </CustomBuild>
    <CustomBuild Include="src\log4qt\dailyrollingfileappender.h">
      <Filter>Source Files</Filter>
    </CustomBuild>
    <CustomBuild Include="src\log4qt\fileappender.h">
      <Filter>Source Files</Filter>
    </CustomBuild>
    <CustomBuild Include="src\log4qt\layout.h">
      <Filter>Source Files</Filter>
    </CustomBuild>
    <CustomBuild Include="src\log4qt\logger.h">
      <Filter>Source Files</Filter>
    </CustomBuild>
    <CustomBuild Include="src\log4qt\patternlayout.h">
      <Filter>Source Files</Filter>
    </CustomBuild>
    <CustomBuild Include="src\log4qt\rollingfileappender.h">
      <Filter>Source Files</Filter>
    </CustomBuild>
    <CustomBuild Include="src\log4qt\simplelayout.h">
      <Filter>Source Files</Filter>
    </CustomBuild>
    <CustomBuild Include="src\log4qt\ttcclayout.h">
      <Filter>Source Files</Filter>
    </CustomBuild>
    <CustomBuild Include="src\log4qt\writerappender.h">
      <Filter>Source Files</Filter>
    </CustomBuild>
    <CustomBuild Include="src\log4qt\spi\filter.h">
      <Filter>Source Files\spi</Filter>
    </CustomBuild>
    <CustomBuild Include="src\log4qt\varia\debugappender.h">
      <Filter>Source Files\varia</Filter>
    </CustomBuild>
    <CustomBuild Include="src\log4qt\varia\denyallfilter.h">
      <Filter>Source Files\varia</Filter>
    </CustomBuild>
    <CustomBuild Include="src\log4qt\varia\levelmatchfilter.h">
      <Filter>Source Files\varia</Filter>
    </CustomBuild>
    <CustomBuild Include="src\log4qt\varia\levelrangefilter.h">
      <Filter>Source Files\varia</Filter>
    </CustomBuild>
    <CustomBuild Include="src\log4qt\varia\listappender.h">
      <Filter>Source Files\varia</Filter>
    </CustomBuild>
    <CustomBuild Include="src\log4qt\varia\nullappender.h">
      <Filter>Source Files\varia</Filter>
    </CustomBuild>
    <CustomBuild Include="src\log4qt\varia\stringmatchfilter.h">
      <Filter>Source Files\varia</Filter>
    </CustomBuild>
    <CustomBuild Include="src\log4qt\helpers\configuratorhelper.h">
      <Filter>Source Files\helpers</Filter>
    </CustomBuild>
    <CustomBuild Include="src\log4qt\helpers\logobject.h">
      <Filter>Source Files\helpers</Filter>
    </CustomBuild>
  </ItemGroup>
  <ItemGroup>
    <ClCompile Include="GeneratedFiles\Debug\moc_appender.cpp">
      <Filter>Generated Files\Debug</Filter>
    </ClCompile>
    <ClCompile Include="GeneratedFiles\Release\moc_appender.cpp">
      <Filter>Generated Files\Release</Filter>
    </ClCompile>
    <ClCompile Include="src\log4qt\appenderskeleton.cpp">
      <Filter>Source Files</Filter>
    </ClCompile>
    <ClCompile Include="GeneratedFiles\Debug\moc_appenderskeleton.cpp">
      <Filter>Generated Files\Debug</Filter>
    </ClCompile>
    <ClCompile Include="GeneratedFiles\Release\moc_appenderskeleton.cpp">
      <Filter>Generated Files\Release</Filter>
    </ClCompile>
    <ClCompile Include="src\log4qt\basicconfigurator.cpp">
      <Filter>Source Files</Filter>
    </ClCompile>
    <ClCompile Include="src\log4qt\consoleappender.cpp">
      <Filter>Source Files</Filter>
    </ClCompile>
    <ClCompile Include="GeneratedFiles\Debug\moc_consoleappender.cpp">
      <Filter>Generated Files\Debug</Filter>
    </ClCompile>
    <ClCompile Include="GeneratedFiles\Release\moc_consoleappender.cpp">
      <Filter>Generated Files\Release</Filter>
    </ClCompile>
    <ClCompile Include="src\log4qt\dailyrollingfileappender.cpp">
      <Filter>Source Files</Filter>
    </ClCompile>
    <ClCompile Include="GeneratedFiles\Debug\moc_dailyrollingfileappender.cpp">
      <Filter>Generated Files\Debug</Filter>
    </ClCompile>
    <ClCompile Include="GeneratedFiles\Release\moc_dailyrollingfileappender.cpp">
      <Filter>Generated Files\Release</Filter>
    </ClCompile>
    <ClCompile Include="src\log4qt\fileappender.cpp">
      <Filter>Source Files</Filter>
    </ClCompile>
    <ClCompile Include="GeneratedFiles\Debug\moc_fileappender.cpp">
      <Filter>Generated Files\Debug</Filter>
    </ClCompile>
    <ClCompile Include="GeneratedFiles\Release\moc_fileappender.cpp">
      <Filter>Generated Files\Release</Filter>
    </ClCompile>
    <ClCompile Include="src\log4qt\hierarchy.cpp">
      <Filter>Source Files</Filter>
    </ClCompile>
    <ClCompile Include="src\log4qt\layout.cpp">
      <Filter>Source Files</Filter>
    </ClCompile>
    <ClCompile Include="GeneratedFiles\Debug\moc_layout.cpp">
      <Filter>Generated Files\Debug</Filter>
    </ClCompile>
    <ClCompile Include="GeneratedFiles\Release\moc_layout.cpp">
      <Filter>Generated Files\Release</Filter>
    </ClCompile>
    <ClCompile Include="src\log4qt\level.cpp">
      <Filter>Source Files</Filter>
    </ClCompile>
    <ClCompile Include="src\log4qt\log4qt.cpp">
      <Filter>Source Files</Filter>
    </ClCompile>
    <ClCompile Include="src\log4qt\logger.cpp">
      <Filter>Source Files</Filter>
    </ClCompile>
    <ClCompile Include="GeneratedFiles\Debug\moc_logger.cpp">
      <Filter>Generated Files\Debug</Filter>
    </ClCompile>
    <ClCompile Include="GeneratedFiles\Release\moc_logger.cpp">
      <Filter>Generated Files\Release</Filter>
    </ClCompile>
    <ClCompile Include="src\log4qt\loggerrepository.cpp">
      <Filter>Source Files</Filter>
    </ClCompile>
    <ClCompile Include="src\log4qt\loggingevent.cpp">
      <Filter>Source Files</Filter>
    </ClCompile>
    <ClCompile Include="src\log4qt\logmanager.cpp">
      <Filter>Source Files</Filter>
    </ClCompile>
    <ClCompile Include="src\log4qt\mdc.cpp">
      <Filter>Source Files</Filter>
    </ClCompile>
    <ClCompile Include="src\log4qt\ndc.cpp">
      <Filter>Source Files</Filter>
    </ClCompile>
    <ClCompile Include="src\log4qt\patternlayout.cpp">
      <Filter>Source Files</Filter>
    </ClCompile>
    <ClCompile Include="GeneratedFiles\Debug\moc_patternlayout.cpp">
      <Filter>Generated Files\Debug</Filter>
    </ClCompile>
    <ClCompile Include="GeneratedFiles\Release\moc_patternlayout.cpp">
      <Filter>Generated Files\Release</Filter>
    </ClCompile>
    <ClCompile Include="src\log4qt\propertyconfigurator.cpp">
      <Filter>Source Files</Filter>
    </ClCompile>
    <ClCompile Include="src\log4qt\rollingfileappender.cpp">
      <Filter>Source Files</Filter>
    </ClCompile>
    <ClCompile Include="GeneratedFiles\Debug\moc_rollingfileappender.cpp">
      <Filter>Generated Files\Debug</Filter>
    </ClCompile>
    <ClCompile Include="GeneratedFiles\Release\moc_rollingfileappender.cpp">
      <Filter>Generated Files\Release</Filter>
    </ClCompile>
    <ClCompile Include="src\log4qt\simplelayout.cpp">
      <Filter>Source Files</Filter>
    </ClCompile>
    <ClCompile Include="GeneratedFiles\Debug\moc_simplelayout.cpp">
      <Filter>Generated Files\Debug</Filter>
    </ClCompile>
    <ClCompile Include="GeneratedFiles\Release\moc_simplelayout.cpp">
      <Filter>Generated Files\Release</Filter>
    </ClCompile>
    <ClCompile Include="src\log4qt\ttcclayout.cpp">
      <Filter>Source Files</Filter>
    </ClCompile>
    <ClCompile Include="GeneratedFiles\Debug\moc_ttcclayout.cpp">
      <Filter>Generated Files\Debug</Filter>
    </ClCompile>
    <ClCompile Include="GeneratedFiles\Release\moc_ttcclayout.cpp">
      <Filter>Generated Files\Release</Filter>
    </ClCompile>
    <ClCompile Include="src\log4qt\writerappender.cpp">
      <Filter>Source Files</Filter>
    </ClCompile>
    <ClCompile Include="GeneratedFiles\Debug\moc_writerappender.cpp">
      <Filter>Generated Files\Debug</Filter>
    </ClCompile>
    <ClCompile Include="GeneratedFiles\Release\moc_writerappender.cpp">
      <Filter>Generated Files\Release</Filter>
    </ClCompile>
    <ClCompile Include="src\log4qt\spi\filter.cpp">
      <Filter>Source Files\spi</Filter>
    </ClCompile>
    <ClCompile Include="GeneratedFiles\Debug\moc_filter.cpp">
      <Filter>Generated Files\Debug</Filter>
    </ClCompile>
    <ClCompile Include="GeneratedFiles\Release\moc_filter.cpp">
      <Filter>Generated Files\Release</Filter>
    </ClCompile>
    <ClCompile Include="src\log4qt\varia\debugappender.cpp">
      <Filter>Source Files\varia</Filter>
    </ClCompile>
    <ClCompile Include="GeneratedFiles\Debug\moc_debugappender.cpp">
      <Filter>Generated Files\Debug</Filter>
    </ClCompile>
    <ClCompile Include="GeneratedFiles\Release\moc_debugappender.cpp">
      <Filter>Generated Files\Release</Filter>
    </ClCompile>
    <ClCompile Include="src\log4qt\varia\denyallfilter.cpp">
      <Filter>Source Files\varia</Filter>
    </ClCompile>
    <ClCompile Include="GeneratedFiles\Debug\moc_denyallfilter.cpp">
      <Filter>Generated Files\Debug</Filter>
    </ClCompile>
    <ClCompile Include="GeneratedFiles\Release\moc_denyallfilter.cpp">
      <Filter>Generated Files\Release</Filter>
    </ClCompile>
    <ClCompile Include="src\log4qt\varia\levelmatchfilter.cpp">
      <Filter>Source Files\varia</Filter>
    </ClCompile>
    <ClCompile Include="GeneratedFiles\Debug\moc_levelmatchfilter.cpp">
      <Filter>Generated Files\Debug</Filter>
    </ClCompile>
    <ClCompile Include="GeneratedFiles\Release\moc_levelmatchfilter.cpp">
      <Filter>Generated Files\Release</Filter>
    </ClCompile>
    <ClCompile Include="src\log4qt\varia\levelrangefilter.cpp">
      <Filter>Source Files\varia</Filter>
    </ClCompile>
    <ClCompile Include="GeneratedFiles\Debug\moc_levelrangefilter.cpp">
      <Filter>Generated Files\Debug</Filter>
    </ClCompile>
    <ClCompile Include="GeneratedFiles\Release\moc_levelrangefilter.cpp">
      <Filter>Generated Files\Release</Filter>
    </ClCompile>
    <ClCompile Include="src\log4qt\varia\listappender.cpp">
      <Filter>Source Files\varia</Filter>
    </ClCompile>
    <ClCompile Include="GeneratedFiles\Debug\moc_listappender.cpp">
      <Filter>Generated Files\Debug</Filter>
    </ClCompile>
    <ClCompile Include="GeneratedFiles\Release\moc_listappender.cpp">
      <Filter>Generated Files\Release</Filter>
    </ClCompile>
    <ClCompile Include="src\log4qt\varia\nullappender.cpp">
      <Filter>Source Files\varia</Filter>
    </ClCompile>
    <ClCompile Include="GeneratedFiles\Debug\moc_nullappender.cpp">
      <Filter>Generated Files\Debug</Filter>
    </ClCompile>
    <ClCompile Include="GeneratedFiles\Release\moc_nullappender.cpp">
      <Filter>Generated Files\Release</Filter>
    </ClCompile>
    <ClCompile Include="src\log4qt\varia\stringmatchfilter.cpp">
      <Filter>Source Files\varia</Filter>
    </ClCompile>
    <ClCompile Include="GeneratedFiles\Debug\moc_stringmatchfilter.cpp">
      <Filter>Generated Files\Debug</Filter>
    </ClCompile>
    <ClCompile Include="GeneratedFiles\Release\moc_stringmatchfilter.cpp">
      <Filter>Generated Files\Release</Filter>
    </ClCompile>
    <ClCompile Include="src\log4qt\helpers\classlogger.cpp">
      <Filter>Source Files\helpers</Filter>
    </ClCompile>
    <ClCompile Include="src\log4qt\helpers\configuratorhelper.cpp">
      <Filter>Source Files\helpers</Filter>
    </ClCompile>
    <ClCompile Include="GeneratedFiles\Debug\moc_configuratorhelper.cpp">
      <Filter>Generated Files\Debug</Filter>
    </ClCompile>
    <ClCompile Include="GeneratedFiles\Release\moc_configuratorhelper.cpp">
      <Filter>Generated Files\Release</Filter>
    </ClCompile>
    <ClCompile Include="src\log4qt\helpers\datetime.cpp">
      <Filter>Source Files\helpers</Filter>
    </ClCompile>
    <ClCompile Include="src\log4qt\helpers\factory.cpp">
      <Filter>Source Files\helpers</Filter>
    </ClCompile>
    <ClCompile Include="src\log4qt\helpers\initialisationhelper.cpp">
      <Filter>Source Files\helpers</Filter>
    </ClCompile>
    <ClCompile Include="src\log4qt\helpers\logerror.cpp">
      <Filter>Source Files\helpers</Filter>
    </ClCompile>
    <ClCompile Include="src\log4qt\helpers\logobject.cpp">
      <Filter>Source Files\helpers</Filter>
    </ClCompile>
    <ClCompile Include="GeneratedFiles\Debug\moc_logobject.cpp">
      <Filter>Generated Files\Debug</Filter>
    </ClCompile>
    <ClCompile Include="GeneratedFiles\Release\moc_logobject.cpp">
      <Filter>Generated Files\Release</Filter>
    </ClCompile>
    <ClCompile Include="src\log4qt\helpers\logobjectptr.cpp">
      <Filter>Source Files\helpers</Filter>
    </ClCompile>
    <ClCompile Include="src\log4qt\helpers\optionconverter.cpp">
      <Filter>Source Files\helpers</Filter>
    </ClCompile>
    <ClCompile Include="src\log4qt\helpers\patternformatter.cpp">
      <Filter>Source Files\helpers</Filter>
    </ClCompile>
    <ClCompile Include="src\log4qt\helpers\properties.cpp">
      <Filter>Source Files\helpers</Filter>
    </ClCompile>
  </ItemGroup>
  <ItemGroup>
    <ClInclude Include="src\log4qt\basicconfigurator.h">
      <Filter>Source Files</Filter>
    </ClInclude>
    <ClInclude Include="src\log4qt\hierarchy.h">
      <Filter>Source Files</Filter>
    </ClInclude>
    <ClInclude Include="src\log4qt\level.h">
      <Filter>Source Files</Filter>
    </ClInclude>
    <ClInclude Include="src\log4qt\log4qt.h">
      <Filter>Source Files</Filter>
    </ClInclude>
    <ClInclude Include="src\log4qt\loggerrepository.h">
      <Filter>Source Files</Filter>
    </ClInclude>
    <ClInclude Include="src\log4qt\loggingevent.h">
      <Filter>Source Files</Filter>
    </ClInclude>
    <ClInclude Include="src\log4qt\logmanager.h">
      <Filter>Source Files</Filter>
    </ClInclude>
    <ClInclude Include="src\log4qt\mdc.h">
      <Filter>Source Files</Filter>
    </ClInclude>
    <ClInclude Include="src\log4qt\ndc.h">
      <Filter>Source Files</Filter>
    </ClInclude>
    <ClInclude Include="src\log4qt\propertyconfigurator.h">
      <Filter>Source Files</Filter>
    </ClInclude>
    <ClInclude Include="src\log4qt\helpers\classlogger.h">
      <Filter>Source Files\helpers</Filter>
    </ClInclude>
    <ClInclude Include="src\log4qt\helpers\datetime.h">
      <Filter>Source Files\helpers</Filter>
    </ClInclude>
    <ClInclude Include="src\log4qt\helpers\factory.h">
      <Filter>Source Files\helpers</Filter>
    </ClInclude>
    <ClInclude Include="src\log4qt\helpers\initialisationhelper.h">
      <Filter>Source Files\helpers</Filter>
    </ClInclude>
    <ClInclude Include="src\log4qt\helpers\logerror.h">
      <Filter>Source Files\helpers</Filter>
    </ClInclude>
    <ClInclude Include="src\log4qt\helpers\logobjectptr.h">
      <Filter>Source Files\helpers</Filter>
    </ClInclude>
    <ClInclude Include="src\log4qt\helpers\optionconverter.h">
      <Filter>Source Files\helpers</Filter>
    </ClInclude>
    <ClInclude Include="src\log4qt\helpers\patternformatter.h">
      <Filter>Source Files\helpers</Filter>
    </ClInclude>
    <ClInclude Include="src\log4qt\helpers\properties.h">
      <Filter>Source Files\helpers</Filter>
    </ClInclude>
  </ItemGroup>
</Project>